// !$*UTF8*$!
{
	archiveVersion = 1;
	classes = {
	};
	objectVersion = 77;
	objects = {

/* Begin PBXBuildFile section */
		9FC371201D5D4B550072E6C2 /* ContentView.swift in Sources */ = {isa = PBXBuildFile; fileRef = 9FC371211D5D4B550072E6C2 /* ContentView.swift */; };
		9FC371221D5D4B550072E6C2 /* BluetoothManager.swift in Sources */ = {isa = PBXBuildFile; fileRef = 9FC371231D5D4B550072E6C2 /* BluetoothManager.swift */; };
		9FC371241D5D4B550072E6C2 /* TestBeaconSearchV1App.swift in Sources */ = {isa = PBXBuildFile; fileRef = 9FC371251D5D4B550072E6C2 /* TestBeaconSearchV1App.swift */; };
		9FC371261D5D4B550072E6C2 /* FavoriteDevice.swift in Sources */ = {isa = PBXBuildFile; fileRef = 9FC371271D5D4B550072E6C2 /* FavoriteDevice.swift */; };
		9FC371281D5D4B550072E6C2 /* FavoritesView.swift in Sources */ = {isa = PBXBuildFile; fileRef = 9FC371291D5D4B550072E6C2 /* FavoritesView.swift */; };
/* End PBXBuildFile section */

/* Begin PBXContainerItemProxy section */
		9FC370FE2D5D4B550072E6C2 /* PBXContainerItemProxy */ = {
			isa = PBXContainerItemProxy;
			containerPortal = 9FC370E52D5D4B530072E6C2 /* Project object */;
			proxyType = 1;
			remoteGlobalIDString = 9FC370EC2D5D4B530072E6C2;
			remoteInfo = TestBeaconSearchV1;
		};
		9FC371082D5D4B550072E6C2 /* PBXContainerItemProxy */ = {
			isa = PBXContainerItemProxy;
			containerPortal = 9FC370E52D5D4B530072E6C2 /* Project object */;
			proxyType = 1;
			remoteGlobalIDString = 9FC370EC2D5D4B530072E6C2;
			remoteInfo = TestBeaconSearchV1;
		};
/* End PBXContainerItemProxy section */

/* Begin PBXFileReference section */
		9FC370ED2D5D4B530072E6C2 /* TestBeaconSearchV1.app */ = {isa = PBXFileReference; explicitFileType = wrapper.application; includeInIndex = 0; path = TestBeaconSearchV1.app; sourceTree = BUILT_PRODUCTS_DIR; };
		9FC370FD2D5D4B550072E6C2 /* TestBeaconSearchV1Tests.xctest */ = {isa = PBXFileReference; explicitFileType = wrapper.cfbundle; includeInIndex = 0; path = TestBeaconSearchV1Tests.xctest; sourceTree = BUILT_PRODUCTS_DIR; };
		9FC371072D5D4B550072E6C2 /* TestBeaconSearchV1UITests.xctest */ = {isa = PBXFileReference; explicitFileType = wrapper.cfbundle; includeInIndex = 0; path = TestBeaconSearchV1UITests.xctest; sourceTree = BUILT_PRODUCTS_DIR; };
		9FC371211D5D4B550072E6C2 /* ContentView.swift */ = {isa = PBXFileReference; lastKnownFileType = sourcecode.swift; path = ContentView.swift; sourceTree = "<group>"; };
		9FC371231D5D4B550072E6C2 /* BluetoothManager.swift */ = {isa = PBXFileReference; lastKnownFileType = sourcecode.swift; path = BluetoothManager.swift; sourceTree = "<group>"; };
		9FC371251D5D4B550072E6C2 /* TestBeaconSearchV1App.swift */ = {isa = PBXFileReference; lastKnownFileType = sourcecode.swift; path = TestBeaconSearchV1App.swift; sourceTree = "<group>"; };
		9FC371271D5D4B550072E6C2 /* FavoriteDevice.swift */ = {isa = PBXFileReference; lastKnownFileType = sourcecode.swift; path = FavoriteDevice.swift; sourceTree = "<group>"; };
		9FC371291D5D4B550072E6C2 /* FavoritesView.swift */ = {isa = PBXFileReference; lastKnownFileType = sourcecode.swift; path = FavoritesView.swift; sourceTree = "<group>"; };
/* End PBXFileReference section */

/* Begin PBXGroup section */
		9F06D8FE2D5DE08B0017DAF5 /* Assets.xcassets */ = {
			isa = PBXGroup;
			children = (
				9F06D8FF2D5DE0980017DAF5 /* AppIcon.appiconset */,
			);
			path = Assets.xcassets;
			sourceTree = "<group>";
		};
		9F06D8FF2D5DE0980017DAF5 /* AppIcon.appiconset */ = {
			isa = PBXGroup;
			children = (
			);
			path = AppIcon.appiconset;
			sourceTree = "<group>";
		};
		9FC370E42D5D4B530072E6C2 = {
			isa = PBXGroup;
			children = (
				9FC370EF2D5D4B530072E6C2 /* TestBeaconSearchV1 */,
				9FC370EE2D5D4B530072E6C2 /* Products */,
			);
			sourceTree = "<group>";
		};
		9FC370EE2D5D4B530072E6C2 /* Products */ = {
			isa = PBXGroup;
			children = (
				9FC370ED2D5D4B530072E6C2 /* TestBeaconSearchV1.app */,
				9FC370FD2D5D4B550072E6C2 /* TestBeaconSearchV1Tests.xctest */,
				9FC371072D5D4B550072E6C2 /* TestBeaconSearchV1UITests.xctest */,
			);
			name = Products;
			sourceTree = "<group>";
		};
		9FC370EF2D5D4B530072E6C2 /* TestBeaconSearchV1 */ = {
			isa = PBXGroup;
			children = (
				9F06D8FE2D5DE08B0017DAF5 /* Assets.xcassets */,
				9FC371211D5D4B550072E6C2 /* ContentView.swift */,
				9FC371231D5D4B550072E6C2 /* BluetoothManager.swift */,
				9FC371251D5D4B550072E6C2 /* TestBeaconSearchV1App.swift */,
				9FC371271D5D4B550072E6C2 /* FavoriteDevice.swift */,
				9FC371291D5D4B550072E6C2 /* FavoritesView.swift */,
			);
			path = TestBeaconSearchV1;
			sourceTree = "<group>";
		};
/* End PBXGroup section */

/* Begin PBXNativeTarget section */
		9FC370EC2D5D4B530072E6C2 /* TestBeaconSearchV1 */ = {
			isa = PBXNativeTarget;
			buildConfigurationList = 9FC371112D5D4B550072E6C2 /* Build configuration list for PBXNativeTarget "TestBeaconSearchV1" */;
			buildPhases = (
				9FC370E92D5D4B530072E6C2 /* Sources */,
				9FC370EB2D5D4B530072E6C2 /* Resources */,
			);
			buildRules = (
			);
			dependencies = (
			);
			name = TestBeaconSearchV1;
			packageProductDependencies = (
				9FD3931B2D5D5C9300CE906E /* kbeaconlib2 */,
			);
			productName = TestBeaconSearchV1;
			productReference = 9FC370ED2D5D4B530072E6C2 /* TestBeaconSearchV1.app */;
			productType = "com.apple.product-type.application";
		};
		9FC370FC2D5D4B550072E6C2 /* TestBeaconSearchV1Tests */ = {
			isa = PBXNativeTarget;
			buildConfigurationList = 9FC371142D5D4B550072E6C2 /* Build configuration list for PBXNativeTarget "TestBeaconSearchV1Tests" */;
			buildPhases = (
				9FC370F92D5D4B550072E6C2 /* Sources */,
				9FC370FB2D5D4B550072E6C2 /* Resources */,
			);
			buildRules = (
			);
			dependencies = (
				9FC370FF2D5D4B550072E6C2 /* PBXTargetDependency */,
			);
			name = TestBeaconSearchV1Tests;
			packageProductDependencies = (
			);
			productName = TestBeaconSearchV1Tests;
			productReference = 9FC370FD2D5D4B550072E6C2 /* TestBeaconSearchV1Tests.xctest */;
			productType = "com.apple.product-type.bundle.unit-test";
		};
		9FC371062D5D4B550072E6C2 /* TestBeaconSearchV1UITests */ = {
			isa = PBXNativeTarget;
			buildConfigurationList = 9FC371172D5D4B550072E6C2 /* Build configuration list for PBXNativeTarget "TestBeaconSearchV1UITests" */;
			buildPhases = (
				9FC371032D5D4B550072E6C2 /* Sources */,
				9FC371052D5D4B550072E6C2 /* Resources */,
			);
			buildRules = (
			);
			dependencies = (
				9FC371092D5D4B550072E6C2 /* PBXTargetDependency */,
			);
			name = TestBeaconSearchV1UITests;
			packageProductDependencies = (
			);
			productName = TestBeaconSearchV1UITests;
			productReference = 9FC371072D5D4B550072E6C2 /* TestBeaconSearchV1UITests.xctest */;
			productType = "com.apple.product-type.bundle.ui-testing";
		};
/* End PBXNativeTarget section */

/* Begin PBXProject section */
		9FC370E52D5D4B530072E6C2 /* Project object */ = {
			isa = PBXProject;
			attributes = {
				BuildIndependentTargetsInParallel = 1;
				LastSwiftUpdateCheck = 1620;
				LastUpgradeCheck = 1620;
				TargetAttributes = {
					9FC370EC2D5D4B530072E6C2 = {
						CreatedOnToolsVersion = 16.2;
					};
					9FC370FC2D5D4B550072E6C2 = {
						CreatedOnToolsVersion = 16.2;
						TestTargetID = 9FC370EC2D5D4B530072E6C2;
					};
					9FC371062D5D4B550072E6C2 = {
						CreatedOnToolsVersion = 16.2;
						TestTargetID = 9FC370EC2D5D4B530072E6C2;
					};
				};
			};
			buildConfigurationList = 9FC370E82D5D4B530072E6C2 /* Build configuration list for PBXProject "TestBeaconSearchV1" */;
			developmentRegion = en;
			hasScannedForEncodings = 0;
			knownRegions = (
				en,
				Base,
			);
			mainGroup = 9FC370E42D5D4B530072E6C2;
			minimizedProjectReferenceProxies = 1;
			packageReferences = (
				9FD3931A2D5D5C9300CE906E /* XCRemoteSwiftPackageReference "kbeaconlib2" */,
			);
			preferredProjectObjectVersion = 77;
			productRefGroup = 9FC370EE2D5D4B530072E6C2 /* Products */;
			projectDirPath = "";
			projectRoot = "";
			targets = (
				9FC370EC2D5D4B530072E6C2 /* TestBeaconSearchV1 */,
				9FC370FC2D5D4B550072E6C2 /* TestBeaconSearchV1Tests */,
				9FC371062D5D4B550072E6C2 /* TestBeaconSearchV1UITests */,
			);
		};
/* End PBXProject section */

/* Begin PBXResourcesBuildPhase section */
		9FC370EB2D5D4B530072E6C2 /* Resources */ = {
			isa = PBXResourcesBuildPhase;
			buildActionMask = 2147483647;
			files = (
			);
			runOnlyForDeploymentPostprocessing = 0;
		};
		9FC370FB2D5D4B550072E6C2 /* Resources */ = {
			isa = PBXResourcesBuildPhase;
			buildActionMask = 2147483647;
			files = (
			);
			runOnlyForDeploymentPostprocessing = 0;
		};
		9FC371052D5D4B550072E6C2 /* Resources */ = {
			isa = PBXResourcesBuildPhase;
			buildActionMask = 2147483647;
			files = (
			);
			runOnlyForDeploymentPostprocessing = 0;
		};
/* End PBXResourcesBuildPhase section */

/* Begin PBXSourcesBuildPhase section */
		9FC370E92D5D4B530072E6C2 /* Sources */ = {
			isa = PBXSourcesBuildPhase;
			buildActionMask = 2147483647;
			files = (
				9FC371201D5D4B550072E6C2 /* ContentView.swift in Sources */,
				9FC371221D5D4B550072E6C2 /* BluetoothManager.swift in Sources */,
				9FC371241D5D4B550072E6C2 /* TestBeaconSearchV1App.swift in Sources */,
				9FC371261D5D4B550072E6C2 /* FavoriteDevice.swift in Sources */,
				9FC371281D5D4B550072E6C2 /* FavoritesView.swift in Sources */,
			);
			runOnlyForDeploymentPostprocessing = 0;
		};
		9FC370F92D5D4B550072E6C2 /* Sources */ = {
			isa = PBXSourcesBuildPhase;
			buildActionMask = 2147483647;
			files = (
			);
			runOnlyForDeploymentPostprocessing = 0;
		};
		9FC371032D5D4B550072E6C2 /* Sources */ = {
			isa = PBXSourcesBuildPhase;
			buildActionMask = 2147483647;
			files = (
			);
			runOnlyForDeploymentPostprocessing = 0;
		};
/* End PBXSourcesBuildPhase section */

/* Begin PBXTargetDependency section */
		9FC370FF2D5D4B550072E6C2 /* PBXTargetDependency */ = {
			isa = PBXTargetDependency;
			target = 9FC370EC2D5D4B530072E6C2 /* TestBeaconSearchV1 */;
			targetProxy = 9FC370FE2D5D4B550072E6C2 /* PBXContainerItemProxy */;
		};
		9FC371092D5D4B550072E6C2 /* PBXTargetDependency */ = {
			isa = PBXTargetDependency;
			target = 9FC370EC2D5D4B530072E6C2 /* TestBeaconSearchV1 */;
			targetProxy = 9FC371082D5D4B550072E6C2 /* PBXContainerItemProxy */;
		};
/* End PBXTargetDependency section */

/* Begin XCBuildConfiguration section */
		9FC3710F2D5D4B550072E6C2 /* Debug */ = {
			isa = XCBuildConfiguration;
			buildSettings = {
				ALWAYS_SEARCH_USER_PATHS = NO;
				ASSETCATALOG_COMPILER_GENERATE_SWIFT_ASSET_SYMBOL_EXTENSIONS = YES;
				CLANG_ANALYZER_NONNULL = YES;
				CLANG_ANALYZER_NUMBER_OBJECT_CONVERSION = YES_AGGRESSIVE;
				CLANG_CXX_LANGUAGE_STANDARD = "gnu++20";
				CLANG_ENABLE_MODULES = YES;
				CLANG_ENABLE_OBJC_ARC = YES;
				CLANG_ENABLE_OBJC_WEAK = YES;
				CLANG_WARN_BLOCK_CAPTURE_AUTORELEASING = YES;
				CLANG_WARN_BOOL_CONVERSION = YES;
				CLANG_WARN_COMMA = YES;
				CLANG_WARN_CONSTANT_CONVERSION = YES;
				CLANG_WARN_DEPRECATED_OBJC_IMPLEMENTATIONS = YES;
				CLANG_WARN_DIRECT_OBJC_ISA_USAGE = YES_ERROR;
				CLANG_WARN_DOCUMENTATION_COMMENTS = YES;
				CLANG_WARN_EMPTY_BODY = YES;
				CLANG_WARN_ENUM_CONVERSION = YES;
				CLANG_WARN_INFINITE_RECURSION = YES;
				CLANG_WARN_INT_CONVERSION = YES;
				CLANG_WARN_NON_LITERAL_NULL_CONVERSION = YES;
				CLANG_WARN_OBJC_IMPLICIT_RETAIN_SELF = YES;
				CLANG_WARN_OBJC_LITERAL_CONVERSION = YES;
				CLANG_WARN_OBJC_ROOT_CLASS = YES_ERROR;
				CLANG_WARN_QUOTED_INCLUDE_IN_FRAMEWORK_HEADER = YES;
				CLANG_WARN_RANGE_LOOP_ANALYSIS = YES;
				CLANG_WARN_STRICT_PROTOTYPES = YES;
				CLANG_WARN_SUSPICIOUS_MOVE = YES;
				CLANG_WARN_UNGUARDED_AVAILABILITY = YES_AGGRESSIVE;
				CLANG_WARN_UNREACHABLE_CODE = YES;
				CLANG_WARN__DUPLICATE_METHOD_MATCH = YES;
				COPY_PHASE_STRIP = NO;
				DEBUG_INFORMATION_FORMAT = dwarf;
				ENABLE_STRICT_OBJC_MSGSEND = YES;
				ENABLE_TESTABILITY = YES;
				ENABLE_USER_SCRIPT_SANDBOXING = YES;
				GCC_C_LANGUAGE_STANDARD = gnu17;
				GCC_DYNAMIC_NO_PIC = NO;
				GCC_NO_COMMON_BLOCKS = YES;
				GCC_OPTIMIZATION_LEVEL = 0;
				GCC_PREPROCESSOR_DEFINITIONS = (
					"DEBUG=1",
					"$(inherited)",
				);
				GCC_WARN_64_TO_32_BIT_CONVERSION = YES;
				GCC_WARN_ABOUT_RETURN_TYPE = YES_ERROR;
				GCC_WARN_UNDECLARED_SELECTOR = YES;
				GCC_WARN_UNINITIALIZED_AUTOS = YES_AGGRESSIVE;
				GCC_WARN_UNUSED_FUNCTION = YES;
				GCC_WARN_UNUSED_VARIABLE = YES;
				INFOPLIST_KEY_NSBluetoothAlwaysUsageDescription = "This app needs Bluetooth access to scan and connect to nearby devices";
				INFOPLIST_KEY_NSBluetoothPeripheralUsageDescription = "This app needs Bluetooth access to scan and connect to nearby devices";
				IPHONEOS_DEPLOYMENT_TARGET = 18.2;
				LOCALIZATION_PREFERS_STRING_CATALOGS = YES;
				MTL_ENABLE_DEBUG_INFO = INCLUDE_SOURCE;
				MTL_FAST_MATH = YES;
				ONLY_ACTIVE_ARCH = YES;
				SDKROOT = iphoneos;
				SWIFT_ACTIVE_COMPILATION_CONDITIONS = "DEBUG $(inherited)";
				SWIFT_OPTIMIZATION_LEVEL = "-Onone";
			};
			name = Debug;
		};
		9FC371102D5D4B550072E6C2 /* Release */ = {
			isa = XCBuildConfiguration;
			buildSettings = {
				ALWAYS_SEARCH_USER_PATHS = NO;
				ASSETCATALOG_COMPILER_GENERATE_SWIFT_ASSET_SYMBOL_EXTENSIONS = YES;
				CLANG_ANALYZER_NONNULL = YES;
				CLANG_ANALYZER_NUMBER_OBJECT_CONVERSION = YES_AGGRESSIVE;
				CLANG_CXX_LANGUAGE_STANDARD = "gnu++20";
				CLANG_ENABLE_MODULES = YES;
				CLANG_ENABLE_OBJC_ARC = YES;
				CLANG_ENABLE_OBJC_WEAK = YES;
				CLANG_WARN_BLOCK_CAPTURE_AUTORELEASING = YES;
				CLANG_WARN_BOOL_CONVERSION = YES;
				CLANG_WARN_COMMA = YES;
				CLANG_WARN_CONSTANT_CONVERSION = YES;
				CLANG_WARN_DEPRECATED_OBJC_IMPLEMENTATIONS = YES;
				CLANG_WARN_DIRECT_OBJC_ISA_USAGE = YES_ERROR;
				CLANG_WARN_DOCUMENTATION_COMMENTS = YES;
				CLANG_WARN_EMPTY_BODY = YES;
				CLANG_WARN_ENUM_CONVERSION = YES;
				CLANG_WARN_INFINITE_RECURSION = YES;
				CLANG_WARN_INT_CONVERSION = YES;
				CLANG_WARN_NON_LITERAL_NULL_CONVERSION = YES;
				CLANG_WARN_OBJC_IMPLICIT_RETAIN_SELF = YES;
				CLANG_WARN_OBJC_LITERAL_CONVERSION = YES;
				CLANG_WARN_OBJC_ROOT_CLASS = YES_ERROR;
				CLANG_WARN_QUOTED_INCLUDE_IN_FRAMEWORK_HEADER = YES;
				CLANG_WARN_RANGE_LOOP_ANALYSIS = YES;
				CLANG_WARN_STRICT_PROTOTYPES = YES;
				CLANG_WARN_SUSPICIOUS_MOVE = YES;
				CLANG_WARN_UNGUARDED_AVAILABILITY = YES_AGGRESSIVE;
				CLANG_WARN_UNREACHABLE_CODE = YES;
				CLANG_WARN__DUPLICATE_METHOD_MATCH = YES;
				COPY_PHASE_STRIP = NO;
				DEBUG_INFORMATION_FORMAT = "dwarf-with-dsym";
				ENABLE_NS_ASSERTIONS = NO;
				ENABLE_STRICT_OBJC_MSGSEND = YES;
				ENABLE_USER_SCRIPT_SANDBOXING = YES;
				GCC_C_LANGUAGE_STANDARD = gnu17;
				GCC_NO_COMMON_BLOCKS = YES;
				GCC_WARN_64_TO_32_BIT_CONVERSION = YES;
				GCC_WARN_ABOUT_RETURN_TYPE = YES_ERROR;
				GCC_WARN_UNDECLARED_SELECTOR = YES;
				GCC_WARN_UNINITIALIZED_AUTOS = YES_AGGRESSIVE;
				GCC_WARN_UNUSED_FUNCTION = YES;
				GCC_WARN_UNUSED_VARIABLE = YES;
				INFOPLIST_KEY_CFBundleDisplayName = "BLE Scanner";
				INFOPLIST_KEY_NSBluetoothAlwaysUsageDescription = "This app needs Bluetooth access to scan and connect to nearby devices";
				INFOPLIST_KEY_NSBluetoothPeripheralUsageDescription = "This app needs Bluetooth access to scan and connect to nearby devices";
				IPHONEOS_DEPLOYMENT_TARGET = 18.2;
				LOCALIZATION_PREFERS_STRING_CATALOGS = YES;
				MTL_ENABLE_DEBUG_INFO = NO;
				MTL_FAST_MATH = YES;
				SDKROOT = iphoneos;
				SWIFT_COMPILATION_MODE = wholemodule;
				VALIDATE_PRODUCT = YES;
			};
			name = Release;
		};
		9FC371122D5D4B550072E6C2 /* Debug */ = {
			isa = XCBuildConfiguration;
			buildSettings = {
				ASSETCATALOG_COMPILER_APPICON_NAME = AppIcon;
				ASSETCATALOG_COMPILER_GLOBAL_ACCENT_COLOR_NAME = AccentColor;
				ASSETCATALOG_COMPILER_INCLUDE_ALL_APPICON_ASSETS = YES;
				CODE_SIGN_STYLE = Automatic;
				CURRENT_PROJECT_VERSION = 1;
				DEVELOPMENT_ASSET_PATHS = "\"TestBeaconSearchV1/Preview Content\"";
				DEVELOPMENT_TEAM = KDP2W6W568;
				ENABLE_PREVIEWS = YES;
				GENERATE_INFOPLIST_FILE = YES;
				INFOPLIST_KEY_CFBundleDisplayName = "BLE Scanner";
				INFOPLIST_KEY_NSBluetoothAlwaysUsageDescription = "This app needs Bluetooth access to scan and connect to nearby devices";
				INFOPLIST_KEY_NSBluetoothPeripheralUsageDescription = "This app needs Bluetooth access to scan and connect to nearby devices";
				INFOPLIST_KEY_UIApplicationSceneManifest_Generation = YES;
				INFOPLIST_KEY_UIApplicationSupportsIndirectInputEvents = YES;
				INFOPLIST_KEY_UILaunchScreen_Generation = YES;
				INFOPLIST_KEY_UISupportedInterfaceOrientations_iPad = "UIInterfaceOrientationPortrait UIInterfaceOrientationPortraitUpsideDown UIInterfaceOrientationLandscapeLeft UIInterfaceOrientationLandscapeRight";
				INFOPLIST_KEY_UISupportedInterfaceOrientations_iPhone = "UIInterfaceOrientationPortrait UIInterfaceOrientationLandscapeLeft UIInterfaceOrientationLandscapeRight";
				LD_RUNPATH_SEARCH_PATHS = (
					"$(inherited)",
					"@executable_path/Frameworks",
				);
				MARKETING_VERSION = 1.0;
				PRODUCT_BUNDLE_IDENTIFIER = "si.7-b.TestBeaconSearchV1";
				PRODUCT_NAME = "$(TARGET_NAME)";
				SWIFT_EMIT_LOC_STRINGS = YES;
				SWIFT_VERSION = 5.0;
				TARGETED_DEVICE_FAMILY = "1,2";
			};
			name = Debug;
		};
		9FC371132D5D4B550072E6C2 /* Release */ = {
			isa = XCBuildConfiguration;
			buildSettings = {
				ASSETCATALOG_COMPILER_APPICON_NAME = AppIcon;
				ASSETCATALOG_COMPILER_GLOBAL_ACCENT_COLOR_NAME = AccentColor;
				ASSETCATALOG_COMPILER_INCLUDE_ALL_APPICON_ASSETS = YES;
				CODE_SIGN_STYLE = Automatic;
				CURRENT_PROJECT_VERSION = 1;
				DEVELOPMENT_ASSET_PATHS = "\"TestBeaconSearchV1/Preview Content\"";
				DEVELOPMENT_TEAM = KDP2W6W568;
				ENABLE_PREVIEWS = YES;
				GENERATE_INFOPLIST_FILE = YES;
				INFOPLIST_KEY_CFBundleDisplayName = "BLE Scanner";
				INFOPLIST_KEY_NSBluetoothAlwaysUsageDescription = "This app needs Bluetooth access to scan and connect to nearby devices";
				INFOPLIST_KEY_NSBluetoothPeripheralUsageDescription = "This app needs Bluetooth access to scan and connect to nearby devices";
				INFOPLIST_KEY_UIApplicationSceneManifest_Generation = YES;
				INFOPLIST_KEY_UIApplicationSupportsIndirectInputEvents = YES;
				INFOPLIST_KEY_UILaunchScreen_Generation = YES;
				INFOPLIST_KEY_UISupportedInterfaceOrientations_iPad = "UIInterfaceOrientationPortrait UIInterfaceOrientationPortraitUpsideDown UIInterfaceOrientationLandscapeLeft UIInterfaceOrientationLandscapeRight";
				INFOPLIST_KEY_UISupportedInterfaceOrientations_iPhone = "UIInterfaceOrientationPortrait UIInterfaceOrientationLandscapeLeft UIInterfaceOrientationLandscapeRight";
				LD_RUNPATH_SEARCH_PATHS = (
					"$(inherited)",
					"@executable_path/Frameworks",
				);
				MARKETING_VERSION = 1.0;
				PRODUCT_BUNDLE_IDENTIFIER = "si.7-b.TestBeaconSearchV1";
				PRODUCT_NAME = "$(TARGET_NAME)";
				SWIFT_EMIT_LOC_STRINGS = YES;
				SWIFT_VERSION = 5.0;
				TARGETED_DEVICE_FAMILY = "1,2";
			};
			name = Release;
		};
		9FC371152D5D4B550072E6C2 /* Debug */ = {
			isa = XCBuildConfiguration;
			buildSettings = {
				BUNDLE_LOADER = "$(TEST_HOST)";
				CODE_SIGN_STYLE = Automatic;
				CURRENT_PROJECT_VERSION = 1;
				DEVELOPMENT_TEAM = KDP2W6W568;
				GENERATE_INFOPLIST_FILE = YES;
				INFOPLIST_KEY_NSBluetoothAlwaysUsageDescription = "This app needs Bluetooth access to scan and connect to nearby devices";
				INFOPLIST_KEY_NSBluetoothPeripheralUsageDescription = "This app needs Bluetooth access to scan and connect to nearby devices";
				IPHONEOS_DEPLOYMENT_TARGET = 18.2;
				MARKETING_VERSION = 1.0;
				PRODUCT_BUNDLE_IDENTIFIER = "si.7-b.TestBeaconSearchV1Tests";
				PRODUCT_NAME = "$(TARGET_NAME)";
				SWIFT_EMIT_LOC_STRINGS = NO;
				SWIFT_VERSION = 5.0;
				TARGETED_DEVICE_FAMILY = "1,2";
				TEST_HOST = "$(BUILT_PRODUCTS_DIR)/TestBeaconSearchV1.app/$(BUNDLE_EXECUTABLE_FOLDER_PATH)/TestBeaconSearchV1";
			};
			name = Debug;
		};
		9FC371162D5D4B550072E6C2 /* Release */ = {
			isa = XCBuildConfiguration;
			buildSettings = {
				BUNDLE_LOADER = "$(TEST_HOST)";
				CODE_SIGN_STYLE = Automatic;
				CURRENT_PROJECT_VERSION = 1;
				DEVELOPMENT_TEAM = KDP2W6W568;
				GENERATE_INFOPLIST_FILE = YES;
				INFOPLIST_KEY_NSBluetoothAlwaysUsageDescription = "This app needs Bluetooth access to scan and connect to nearby devices";
				INFOPLIST_KEY_NSBluetoothPeripheralUsageDescription = "This app needs Bluetooth access to scan and connect to nearby devices";
				IPHONEOS_DEPLOYMENT_TARGET = 18.2;
				MARKETING_VERSION = 1.0;
				PRODUCT_BUNDLE_IDENTIFIER = "si.7-b.TestBeaconSearchV1Tests";
				PRODUCT_NAME = "$(TARGET_NAME)";
				SWIFT_EMIT_LOC_STRINGS = NO;
				SWIFT_VERSION = 5.0;
				TARGETED_DEVICE_FAMILY = "1,2";
				TEST_HOST = "$(BUILT_PRODUCTS_DIR)/TestBeaconSearchV1.app/$(BUNDLE_EXECUTABLE_FOLDER_PATH)/TestBeaconSearchV1";
			};
			name = Release;
		};
		9FC371182D5D4B550072E6C2 /* Debug */ = {
			isa = XCBuildConfiguration;
			buildSettings = {
				CODE_SIGN_STYLE = Automatic;
				CURRENT_PROJECT_VERSION = 1;
				DEVELOPMENT_TEAM = KDP2W6W568;
				GENERATE_INFOPLIST_FILE = YES;
				INFOPLIST_KEY_NSBluetoothAlwaysUsageDescription = "This app needs Bluetooth access to scan and connect to nearby devices";
				INFOPLIST_KEY_NSBluetoothPeripheralUsageDescription = "This app needs Bluetooth access to scan and connect to nearby devices";
				MARKETING_VERSION = 1.0;
				PRODUCT_BUNDLE_IDENTIFIER = "si.7-b.TestBeaconSearchV1UITests";
				PRODUCT_NAME = "$(TARGET_NAME)";
				SWIFT_EMIT_LOC_STRINGS = NO;
				SWIFT_VERSION = 5.0;
				TARGETED_DEVICE_FAMILY = "1,2";
				TEST_TARGET_NAME = TestBeaconSearchV1;
			};
			name = Debug;
		};
		9FC371192D5D4B550072E6C2 /* Release */ = {
			isa = XCBuildConfiguration;
			buildSettings = {
				CODE_SIGN_STYLE = Automatic;
				CURRENT_PROJECT_VERSION = 1;
				DEVELOPMENT_TEAM = KDP2W6W568;
				GENERATE_INFOPLIST_FILE = YES;
				INFOPLIST_KEY_NSBluetoothAlwaysUsageDescription = "This app needs Bluetooth access to scan and connect to nearby devices";
				INFOPLIST_KEY_NSBluetoothPeripheralUsageDescription = "This app needs Bluetooth access to scan and connect to nearby devices";
				MARKETING_VERSION = 1.0;
				PRODUCT_BUNDLE_IDENTIFIER = "si.7-b.TestBeaconSearchV1UITests";
				PRODUCT_NAME = "$(TARGET_NAME)";
				SWIFT_EMIT_LOC_STRINGS = NO;
				SWIFT_VERSION = 5.0;
				TARGETED_DEVICE_FAMILY = "1,2";
				TEST_TARGET_NAME = TestBeaconSearchV1;
			};
			name = Release;
		};
/* End XCBuildConfiguration section */

/* Begin XCConfigurationList section */
		9FC370E82D5D4B530072E6C2 /* Build configuration list for PBXProject "TestBeaconSearchV1" */ = {
			isa = XCConfigurationList;
			buildConfigurations = (
				9FC3710F2D5D4B550072E6C2 /* Debug */,
				9FC371102D5D4B550072E6C2 /* Release */,
			);
			defaultConfigurationIsVisible = 0;
			defaultConfigurationName = Release;
		};
		9FC371112D5D4B550072E6C2 /* Build configuration list for PBXNativeTarget "TestBeaconSearchV1" */ = {
			isa = XCConfigurationList;
			buildConfigurations = (
				9FC371122D5D4B550072E6C2 /* Debug */,
				9FC371132D5D4B550072E6C2 /* Release */,
			);
			defaultConfigurationIsVisible = 0;
			defaultConfigurationName = Release;
		};
		9FC371142D5D4B550072E6C2 /* Build configuration list for PBXNativeTarget "TestBeaconSearchV1Tests" */ = {
			isa = XCConfigurationList;
			buildConfigurations = (
				9FC371152D5D4B550072E6C2 /* Debug */,
				9FC371162D5D4B550072E6C2 /* Release */,
			);
			defaultConfigurationIsVisible = 0;
			defaultConfigurationName = Release;
		};
		9FC371172D5D4B550072E6C2 /* Build configuration list for PBXNativeTarget "TestBeaconSearchV1UITests" */ = {
			isa = XCConfigurationList;
			buildConfigurations = (
				9FC371182D5D4B550072E6C2 /* Debug */,
				9FC371192D5D4B550072E6C2 /* Release */,
			);
			defaultConfigurationIsVisible = 0;
			defaultConfigurationName = Release;
		};
/* End XCConfigurationList section */

/* Begin XCRemoteSwiftPackageReference section */
		9FD3931A2D5D5C9300CE906E /* XCRemoteSwiftPackageReference "kbeaconlib2" */ = {
			isa = XCRemoteSwiftPackageReference;
			repositoryURL = "https://github.com/kkmhogen/kbeaconlib2";
			requirement = {
				kind = upToNextMajorVersion;
				minimumVersion = 1.1.9;
			};
		};
/* End XCRemoteSwiftPackageReference section */

/* Begin XCSwiftPackageProductDependency section */
		9FD3931B2D5D5C9300CE906E /* kbeaconlib2 */ = {
			isa = XCSwiftPackageProductDependency;
			package = 9FD3931A2D5D5C9300CE906E /* XCRemoteSwiftPackageReference "kbeaconlib2" */;
			productName = kbeaconlib2;
		};
/* End XCSwiftPackageProductDependency section */
	};
	rootObject = 9FC370E52D5D4B530072E6C2 /* Project object */;
}
